
Microsoft Visual Studio Solution File, Format Version 12.00
# Visual Studio Version 17
VisualStudioVersion = 17.14.36109.1 d17.14
MinimumVisualStudioVersion = 10.0.40219.1
Project("{FAE04EC0-301F-11D3-BF4B-00C04F79EFBC}") = "Caro", "Caro.csproj", "{E098BE63-E424-4BBC-8338-68E5860B594C}"
EndProject
Global
	GlobalSection(SolutionConfigurationPlatforms) = preSolution
		Debug|Any CPU = Debug|Any CPU
		Release|Any CPU = Release|Any CPU
	EndGlobalSection
	GlobalSection(ProjectConfigurationPlatforms) = postSolution
		{E098BE63-E424-4BBC-8338-68E5860B594C}.Debug|Any CPU.ActiveCfg = Debug|Any CPU
		{E098BE63-E424-4BBC-8338-68E5860B594C}.Debug|Any CPU.Build.0 = Debug|Any CPU
		{E098BE63-E424-4BBC-8338-68E5860B594C}.Release|Any CPU.ActiveCfg = Release|Any CPU
		{E098BE63-E424-4BBC-8338-68E5860B594C}.Release|Any CPU.Build.0 = Release|Any CPU
	EndGlobalSection
	GlobalSection(SolutionProperties) = preSolution
		HideSolutionNode = FALSE
	EndGlobalSection
	GlobalSection(ExtensibilityGlobals) = postSolution
		SolutionGuid = {02F4E948-016C-4F50-A4A3-F3F5535852FA}
	EndGlobalSection
EndGlobal
